version = 1
revision = 2
requires-python = ">=3.13"

[[package]]
name = "autoflake"
version = "2.3.1"
source = { registry = "https://pypi.org/simple" }
dependencies = [
    { name = "pyflakes" },
]
sdist = { url = "https://files.pythonhosted.org/packages/2a/cb/486f912d6171bc5748c311a2984a301f4e2d054833a1da78485866c71522/autoflake-2.3.1.tar.gz", hash = "sha256:c98b75dc5b0a86459c4f01a1d32ac7eb4338ec4317a4469515ff1e687ecd909e", size = 27642, upload-time = "2024-03-13T03:41:28.977Z" }
wheels = [
    { url = "https://files.pythonhosted.org/packages/a2/ee/3fd29bf416eb4f1c5579cf12bf393ae954099258abd7bde03c4f9716ef6b/autoflake-2.3.1-py3-none-any.whl", hash = "sha256:3ae7495db9084b7b32818b4140e6dc4fc280b712fb414f5b8fe57b0a8e85a840", size = 32483, upload-time = "2024-03-13T03:41:26.969Z" },
]

[[package]]
name = "basedpyright"
version = "1.31.4"
source = { registry = "https://pypi.org/simple" }
dependencies = [
    { name = "nodejs-wheel-binaries" },
]
sdist = { url = "https://files.pythonhosted.org/packages/0b/53/570b03ec0445a9b2cc69788482c1d12902a9b88a9b159e449c4c537c4e3a/basedpyright-1.31.4.tar.gz", hash = "sha256:2450deb16530f7c88c1a7da04530a079f9b0b18ae1c71cb6f812825b3b82d0b1", size = 22494467, upload-time = "2025-09-03T13:05:55.817Z" }
wheels = [
    { url = "https://files.pythonhosted.org/packages/e5/40/d1047a5addcade9291685d06ef42a63c1347517018bafd82747af9da0294/basedpyright-1.31.4-py3-none-any.whl", hash = "sha256:055e4a38024bd653be12d6216c1cfdbee49a1096d342b4d5f5b4560f7714b6fc", size = 11731440, upload-time = "2025-09-03T13:05:52.308Z" },
]

[[package]]
name = "black"
version = "25.1.0"
source = { registry = "https://pypi.org/simple" }
dependencies = [
    { name = "click" },
    { name = "mypy-extensions" },
    { name = "packaging" },
    { name = "pathspec" },
    { name = "platformdirs" },
]
sdist = { url = "https://files.pythonhosted.org/packages/94/49/26a7b0f3f35da4b5a65f081943b7bcd22d7002f5f0fb8098ec1ff21cb6ef/black-25.1.0.tar.gz", hash = "sha256:33496d5cd1222ad73391352b4ae8da15253c5de89b93a80b3e2c8d9a19ec2666", size = 649449, upload-time = "2025-01-29T04:15:40.373Z" }
wheels = [
    { url = "https://files.pythonhosted.org/packages/98/87/0edf98916640efa5d0696e1abb0a8357b52e69e82322628f25bf14d263d1/black-25.1.0-cp313-cp313-macosx_10_13_x86_64.whl", hash = "sha256:8f0b18a02996a836cc9c9c78e5babec10930862827b1b724ddfe98ccf2f2fe4f", size = 1650673, upload-time = "2025-01-29T05:37:20.574Z" },
    { url = "https://files.pythonhosted.org/packages/52/e5/f7bf17207cf87fa6e9b676576749c6b6ed0d70f179a3d812c997870291c3/black-25.1.0-cp313-cp313-macosx_11_0_arm64.whl", hash = "sha256:afebb7098bfbc70037a053b91ae8437c3857482d3a690fefc03e9ff7aa9a5fd3", size = 1453190, upload-time = "2025-01-29T05:37:22.106Z" },
    { url = "https://files.pythonhosted.org/packages/e3/ee/adda3d46d4a9120772fae6de454c8495603c37c4c3b9c60f25b1ab6401fe/black-25.1.0-cp313-cp313-manylinux_2_17_x86_64.manylinux2014_x86_64.manylinux_2_28_x86_64.whl", hash = "sha256:030b9759066a4ee5e5aca28c3c77f9c64789cdd4de8ac1df642c40b708be6171", size = 1782926, upload-time = "2025-01-29T04:18:58.564Z" },
    { url = "https://files.pythonhosted.org/packages/cc/64/94eb5f45dcb997d2082f097a3944cfc7fe87e071907f677e80788a2d7b7a/black-25.1.0-cp313-cp313-win_amd64.whl", hash = "sha256:a22f402b410566e2d1c950708c77ebf5ebd5d0d88a6a2e87c86d9fb48afa0d18", size = 1442613, upload-time = "2025-01-29T04:19:27.63Z" },
    { url = "https://files.pythonhosted.org/packages/09/71/54e999902aed72baf26bca0d50781b01838251a462612966e9fc4891eadd/black-25.1.0-py3-none-any.whl", hash = "sha256:95e8176dae143ba9097f351d174fdaf0ccd29efb414b362ae3fd72bf0f710717", size = 207646, upload-time = "2025-01-29T04:15:38.082Z" },
]

[[package]]
name = "cappa"
version = "0.30.2"
source = { registry = "https://pypi.org/simple" }
dependencies = [
    { name = "rich" },
    { name = "type-lens" },
    { name = "typing-extensions" },
]
sdist = { url = "https://files.pythonhosted.org/packages/d9/27/c8f054ff37ea59fc656002dff09e025045844f089a5043cffbc70e118688/cappa-0.30.2.tar.gz", hash = "sha256:9d964dfea9a72a0e07b64d09617bd58a25b1b6dd97c31fe33d21edfccaf98e1f", size = 311131, upload-time = "2025-09-08T13:24:59.376Z" }
wheels = [
    { url = "https://files.pythonhosted.org/packages/d1/67/32afa9a82215c3ec883691bbfc811bddb574d3806211b20388d3ed61df7a/cappa-0.30.2-py3-none-any.whl", hash = "sha256:0b2da6d431447d988165539aed53bd410ccdc59d7bfa5bb99684c80ea9f0eb11", size = 68391, upload-time = "2025-09-08T13:24:57.499Z" },
]

[[package]]
name = "cffi"
version = "2.0.0"
source = { registry = "https://pypi.org/simple" }
dependencies = [
    { name = "pycparser", marker = "implementation_name != 'PyPy'" },
]
sdist = { url = "https://files.pythonhosted.org/packages/eb/56/b1ba7935a17738ae8453301356628e8147c79dbb825bcbc73dc7401f9846/cffi-2.0.0.tar.gz", hash = "sha256:44d1b5909021139fe36001ae048dbdde8214afa20200eda0f64c068cac5d5529", size = 523588, upload-time = "2025-09-08T23:24:04.541Z" }
wheels = [
    { url = "https://files.pythonhosted.org/packages/4b/8d/a0a47a0c9e413a658623d014e91e74a50cdd2c423f7ccfd44086ef767f90/cffi-2.0.0-cp313-cp313-macosx_10_13_x86_64.whl", hash = "sha256:00bdf7acc5f795150faa6957054fbbca2439db2f775ce831222b66f192f03beb", size = 185230, upload-time = "2025-09-08T23:23:00.879Z" },
    { url = "https://files.pythonhosted.org/packages/4a/d2/a6c0296814556c68ee32009d9c2ad4f85f2707cdecfd7727951ec228005d/cffi-2.0.0-cp313-cp313-macosx_11_0_arm64.whl", hash = "sha256:45d5e886156860dc35862657e1494b9bae8dfa63bf56796f2fb56e1679fc0bca", size = 181043, upload-time = "2025-09-08T23:23:02.231Z" },
    { url = "https://files.pythonhosted.org/packages/b0/1e/d22cc63332bd59b06481ceaac49d6c507598642e2230f201649058a7e704/cffi-2.0.0-cp313-cp313-manylinux1_i686.manylinux2014_i686.manylinux_2_17_i686.manylinux_2_5_i686.whl", hash = "sha256:07b271772c100085dd28b74fa0cd81c8fb1a3ba18b21e03d7c27f3436a10606b", size = 212446, upload-time = "2025-09-08T23:23:03.472Z" },
    { url = "https://files.pythonhosted.org/packages/a9/f5/a2c23eb03b61a0b8747f211eb716446c826ad66818ddc7810cc2cc19b3f2/cffi-2.0.0-cp313-cp313-manylinux2014_aarch64.manylinux_2_17_aarch64.whl", hash = "sha256:d48a880098c96020b02d5a1f7d9251308510ce8858940e6fa99ece33f610838b", size = 220101, upload-time = "2025-09-08T23:23:04.792Z" },
    { url = "https://files.pythonhosted.org/packages/f2/7f/e6647792fc5850d634695bc0e6ab4111ae88e89981d35ac269956605feba/cffi-2.0.0-cp313-cp313-manylinux2014_ppc64le.manylinux_2_17_ppc64le.whl", hash = "sha256:f93fd8e5c8c0a4aa1f424d6173f14a892044054871c771f8566e4008eaa359d2", size = 207948, upload-time = "2025-09-08T23:23:06.127Z" },
    { url = "https://files.pythonhosted.org/packages/cb/1e/a5a1bd6f1fb30f22573f76533de12a00bf274abcdc55c8edab639078abb6/cffi-2.0.0-cp313-cp313-manylinux2014_s390x.manylinux_2_17_s390x.whl", hash = "sha256:dd4f05f54a52fb558f1ba9f528228066954fee3ebe629fc1660d874d040ae5a3", size = 206422, upload-time = "2025-09-08T23:23:07.753Z" },
    { url = "https://files.pythonhosted.org/packages/98/df/0a1755e750013a2081e863e7cd37e0cdd02664372c754e5560099eb7aa44/cffi-2.0.0-cp313-cp313-manylinux2014_x86_64.manylinux_2_17_x86_64.whl", hash = "sha256:c8d3b5532fc71b7a77c09192b4a5a200ea992702734a2e9279a37f2478236f26", size = 219499, upload-time = "2025-09-08T23:23:09.648Z" },
    { url = "https://files.pythonhosted.org/packages/50/e1/a969e687fcf9ea58e6e2a928ad5e2dd88cc12f6f0ab477e9971f2309b57c/cffi-2.0.0-cp313-cp313-musllinux_1_2_aarch64.whl", hash = "sha256:d9b29c1f0ae438d5ee9acb31cadee00a58c46cc9c0b2f9038c6b0b3470877a8c", size = 222928, upload-time = "2025-09-08T23:23:10.928Z" },
    { url = "https://files.pythonhosted.org/packages/36/54/0362578dd2c9e557a28ac77698ed67323ed5b9775ca9d3fe73fe191bb5d8/cffi-2.0.0-cp313-cp313-musllinux_1_2_x86_64.whl", hash = "sha256:6d50360be4546678fc1b79ffe7a66265e28667840010348dd69a314145807a1b", size = 221302, upload-time = "2025-09-08T23:23:12.42Z" },
    { url = "https://files.pythonhosted.org/packages/eb/6d/bf9bda840d5f1dfdbf0feca87fbdb64a918a69bca42cfa0ba7b137c48cb8/cffi-2.0.0-cp313-cp313-win32.whl", hash = "sha256:74a03b9698e198d47562765773b4a8309919089150a0bb17d829ad7b44b60d27", size = 172909, upload-time = "2025-09-08T23:23:14.32Z" },
    { url = "https://files.pythonhosted.org/packages/37/18/6519e1ee6f5a1e579e04b9ddb6f1676c17368a7aba48299c3759bbc3c8b3/cffi-2.0.0-cp313-cp313-win_amd64.whl", hash = "sha256:19f705ada2530c1167abacb171925dd886168931e0a7b78f5bffcae5c6b5be75", size = 183402, upload-time = "2025-09-08T23:23:15.535Z" },
    { url = "https://files.pythonhosted.org/packages/cb/0e/02ceeec9a7d6ee63bb596121c2c8e9b3a9e150936f4fbef6ca1943e6137c/cffi-2.0.0-cp313-cp313-win_arm64.whl", hash = "sha256:256f80b80ca3853f90c21b23ee78cd008713787b1b1e93eae9f3d6a7134abd91", size = 177780, upload-time = "2025-09-08T23:23:16.761Z" },
    { url = "https://files.pythonhosted.org/packages/92/c4/3ce07396253a83250ee98564f8d7e9789fab8e58858f35d07a9a2c78de9f/cffi-2.0.0-cp314-cp314-macosx_10_13_x86_64.whl", hash = "sha256:fc33c5141b55ed366cfaad382df24fe7dcbc686de5be719b207bb248e3053dc5", size = 185320, upload-time = "2025-09-08T23:23:18.087Z" },
    { url = "https://files.pythonhosted.org/packages/59/dd/27e9fa567a23931c838c6b02d0764611c62290062a6d4e8ff7863daf9730/cffi-2.0.0-cp314-cp314-macosx_11_0_arm64.whl", hash = "sha256:c654de545946e0db659b3400168c9ad31b5d29593291482c43e3564effbcee13", size = 181487, upload-time = "2025-09-08T23:23:19.622Z" },
    { url = "https://files.pythonhosted.org/packages/d6/43/0e822876f87ea8a4ef95442c3d766a06a51fc5298823f884ef87aaad168c/cffi-2.0.0-cp314-cp314-manylinux2014_aarch64.manylinux_2_17_aarch64.whl", hash = "sha256:24b6f81f1983e6df8db3adc38562c83f7d4a0c36162885ec7f7b77c7dcbec97b", size = 220049, upload-time = "2025-09-08T23:23:20.853Z" },
    { url = "https://files.pythonhosted.org/packages/b4/89/76799151d9c2d2d1ead63c2429da9ea9d7aac304603de0c6e8764e6e8e70/cffi-2.0.0-cp314-cp314-manylinux2014_ppc64le.manylinux_2_17_ppc64le.whl", hash = "sha256:12873ca6cb9b0f0d3a0da705d6086fe911591737a59f28b7936bdfed27c0d47c", size = 207793, upload-time = "2025-09-08T23:23:22.08Z" },
    { url = "https://files.pythonhosted.org/packages/bb/dd/3465b14bb9e24ee24cb88c9e3730f6de63111fffe513492bf8c808a3547e/cffi-2.0.0-cp314-cp314-manylinux2014_s390x.manylinux_2_17_s390x.whl", hash = "sha256:d9b97165e8aed9272a6bb17c01e3cc5871a594a446ebedc996e2397a1c1ea8ef", size = 206300, upload-time = "2025-09-08T23:23:23.314Z" },
    { url = "https://files.pythonhosted.org/packages/47/d9/d83e293854571c877a92da46fdec39158f8d7e68da75bf73581225d28e90/cffi-2.0.0-cp314-cp314-manylinux2014_x86_64.manylinux_2_17_x86_64.whl", hash = "sha256:afb8db5439b81cf9c9d0c80404b60c3cc9c3add93e114dcae767f1477cb53775", size = 219244, upload-time = "2025-09-08T23:23:24.541Z" },
    { url = "https://files.pythonhosted.org/packages/2b/0f/1f177e3683aead2bb00f7679a16451d302c436b5cbf2505f0ea8146ef59e/cffi-2.0.0-cp314-cp314-musllinux_1_2_aarch64.whl", hash = "sha256:737fe7d37e1a1bffe70bd5754ea763a62a066dc5913ca57e957824b72a85e205", size = 222828, upload-time = "2025-09-08T23:23:26.143Z" },
    { url = "https://files.pythonhosted.org/packages/c6/0f/cafacebd4b040e3119dcb32fed8bdef8dfe94da653155f9d0b9dc660166e/cffi-2.0.0-cp314-cp314-musllinux_1_2_x86_64.whl", hash = "sha256:38100abb9d1b1435bc4cc340bb4489635dc2f0da7456590877030c9b3d40b0c1", size = 220926, upload-time = "2025-09-08T23:23:27.873Z" },
    { url = "https://files.pythonhosted.org/packages/3e/aa/df335faa45b395396fcbc03de2dfcab242cd61a9900e914fe682a59170b1/cffi-2.0.0-cp314-cp314-win32.whl", hash = "sha256:087067fa8953339c723661eda6b54bc98c5625757ea62e95eb4898ad5e776e9f", size = 175328, upload-time = "2025-09-08T23:23:44.61Z" },
    { url = "https://files.pythonhosted.org/packages/bb/92/882c2d30831744296ce713f0feb4c1cd30f346ef747b530b5318715cc367/cffi-2.0.0-cp314-cp314-win_amd64.whl", hash = "sha256:203a48d1fb583fc7d78a4c6655692963b860a417c0528492a6bc21f1aaefab25", size = 185650, upload-time = "2025-09-08T23:23:45.848Z" },
    { url = "https://files.pythonhosted.org/packages/9f/2c/98ece204b9d35a7366b5b2c6539c350313ca13932143e79dc133ba757104/cffi-2.0.0-cp314-cp314-win_arm64.whl", hash = "sha256:dbd5c7a25a7cb98f5ca55d258b103a2054f859a46ae11aaf23134f9cc0d356ad", size = 180687, upload-time = "2025-09-08T23:23:47.105Z" },
    { url = "https://files.pythonhosted.org/packages/3e/61/c768e4d548bfa607abcda77423448df8c471f25dbe64fb2ef6d555eae006/cffi-2.0.0-cp314-cp314t-macosx_10_13_x86_64.whl", hash = "sha256:9a67fc9e8eb39039280526379fb3a70023d77caec1852002b4da7e8b270c4dd9", size = 188773, upload-time = "2025-09-08T23:23:29.347Z" },
    { url = "https://files.pythonhosted.org/packages/2c/ea/5f76bce7cf6fcd0ab1a1058b5af899bfbef198bea4d5686da88471ea0336/cffi-2.0.0-cp314-cp314t-macosx_11_0_arm64.whl", hash = "sha256:7a66c7204d8869299919db4d5069a82f1561581af12b11b3c9f48c584eb8743d", size = 185013, upload-time = "2025-09-08T23:23:30.63Z" },
    { url = "https://files.pythonhosted.org/packages/be/b4/c56878d0d1755cf9caa54ba71e5d049479c52f9e4afc230f06822162ab2f/cffi-2.0.0-cp314-cp314t-manylinux2014_aarch64.manylinux_2_17_aarch64.whl", hash = "sha256:7cc09976e8b56f8cebd752f7113ad07752461f48a58cbba644139015ac24954c", size = 221593, upload-time = "2025-09-08T23:23:31.91Z" },
    { url = "https://files.pythonhosted.org/packages/e0/0d/eb704606dfe8033e7128df5e90fee946bbcb64a04fcdaa97321309004000/cffi-2.0.0-cp314-cp314t-manylinux2014_ppc64le.manylinux_2_17_ppc64le.whl", hash = "sha256:92b68146a71df78564e4ef48af17551a5ddd142e5190cdf2c5624d0c3ff5b2e8", size = 209354, upload-time = "2025-09-08T23:23:33.214Z" },
    { url = "https://files.pythonhosted.org/packages/d8/19/3c435d727b368ca475fb8742ab97c9cb13a0de600ce86f62eab7fa3eea60/cffi-2.0.0-cp314-cp314t-manylinux2014_s390x.manylinux_2_17_s390x.whl", hash = "sha256:b1e74d11748e7e98e2f426ab176d4ed720a64412b6a15054378afdb71e0f37dc", size = 208480, upload-time = "2025-09-08T23:23:34.495Z" },
    { url = "https://files.pythonhosted.org/packages/d0/44/681604464ed9541673e486521497406fadcc15b5217c3e326b061696899a/cffi-2.0.0-cp314-cp314t-manylinux2014_x86_64.manylinux_2_17_x86_64.whl", hash = "sha256:28a3a209b96630bca57cce802da70c266eb08c6e97e5afd61a75611ee6c64592", size = 221584, upload-time = "2025-09-08T23:23:36.096Z" },
    { url = "https://files.pythonhosted.org/packages/25/8e/342a504ff018a2825d395d44d63a767dd8ebc927ebda557fecdaca3ac33a/cffi-2.0.0-cp314-cp314t-musllinux_1_2_aarch64.whl", hash = "sha256:7553fb2090d71822f02c629afe6042c299edf91ba1bf94951165613553984512", size = 224443, upload-time = "2025-09-08T23:23:37.328Z" },
    { url = "https://files.pythonhosted.org/packages/e1/5e/b666bacbbc60fbf415ba9988324a132c9a7a0448a9a8f125074671c0f2c3/cffi-2.0.0-cp314-cp314t-musllinux_1_2_x86_64.whl", hash = "sha256:6c6c373cfc5c83a975506110d17457138c8c63016b563cc9ed6e056a82f13ce4", size = 223437, upload-time = "2025-09-08T23:23:38.945Z" },
    { url = "https://files.pythonhosted.org/packages/a0/1d/ec1a60bd1a10daa292d3cd6bb0b359a81607154fb8165f3ec95fe003b85c/cffi-2.0.0-cp314-cp314t-win32.whl", hash = "sha256:1fc9ea04857caf665289b7a75923f2c6ed559b8298a1b8c49e59f7dd95c8481e", size = 180487, upload-time = "2025-09-08T23:23:40.423Z" },
    { url = "https://files.pythonhosted.org/packages/bf/41/4c1168c74fac325c0c8156f04b6749c8b6a8f405bbf91413ba088359f60d/cffi-2.0.0-cp314-cp314t-win_amd64.whl", hash = "sha256:d68b6cef7827e8641e8ef16f4494edda8b36104d79773a334beaa1e3521430f6", size = 191726, upload-time = "2025-09-08T23:23:41.742Z" },
    { url = "https://files.pythonhosted.org/packages/ae/3a/dbeec9d1ee0844c679f6bb5d6ad4e9f198b1224f4e7a32825f47f6192b0c/cffi-2.0.0-cp314-cp314t-win_arm64.whl", hash = "sha256:0a1527a803f0a659de1af2e1fd700213caba79377e27e4693648c2923da066f9", size = 184195, upload-time = "2025-09-08T23:23:43.004Z" },
]

[[package]]
name = "clang-format"
version = "21.1.0"
source = { registry = "https://pypi.org/simple" }
sdist = { url = "https://files.pythonhosted.org/packages/3d/ee/a74fc859121d1953b5fdfe0fd72ee50ed4d6755503a6c5298bc779eff6dd/clang_format-21.1.0.tar.gz", hash = "sha256:68c156ae00c54ddc6387c2ee0131da6a787af4db631a9f351b0d797cc992a6f0", size = 11500, upload-time = "2025-08-28T13:01:07.054Z" }
wheels = [
    { url = "https://files.pythonhosted.org/packages/3e/95/5e8639f364589ed76245ee9f7fbe6cf3efa1c88dd83529572c1fea2c3b4e/clang_format-21.1.0-py2.py3-none-macosx_10_9_x86_64.whl", hash = "sha256:6236a95eef907ec29bbe10dd1f91c87c229cb808675b44718420ae10ee50b6b0", size = 1440178, upload-time = "2025-08-28T13:00:41.807Z" },
    { url = "https://files.pythonhosted.org/packages/76/bc/8245836650263de3217341c5724948844531e10350832f9be403b1b3df28/clang_format-21.1.0-py2.py3-none-macosx_11_0_arm64.whl", hash = "sha256:73c920788579fa482a9e852ecc11dfae8dedcc05f3c074bcc6b2b9eb76042783", size = 1458792, upload-time = "2025-08-28T13:00:43.513Z" },
    { url = "https://files.pythonhosted.org/packages/22/a2/8a86457403df98a4707a00b6cbb9ddae9f50fc6338b72329155b72692248/clang_format-21.1.0-py2.py3-none-manylinux_2_26_aarch64.manylinux_2_28_aarch64.whl", hash = "sha256:659431fda408ddcc7db5a4b61ee7ca805f00e21536f97807148fd62922e6f60e", size = 1725539, upload-time = "2025-08-28T13:00:44.907Z" },
    { url = "https://files.pythonhosted.org/packages/d7/af/d54a065e40c9a37aa5bb73223e57d0f7cced05d3f9b63db2b49f8837eaf4/clang_format-21.1.0-py2.py3-none-manylinux_2_26_i686.manylinux_2_28_i686.whl", hash = "sha256:fa5b838305c8cf0196b47a8351824dfda96aa5c5a8b01af0399fe02a082d0242", size = 1856753, upload-time = "2025-08-28T13:00:46.252Z" },
    { url = "https://files.pythonhosted.org/packages/b3/9d/31ec938f57b3ab53fa8d262d50508e7784bb4ba6a4c8342b6cdb1fb32262/clang_format-21.1.0-py2.py3-none-manylinux_2_26_ppc64le.manylinux_2_28_ppc64le.whl", hash = "sha256:6fb29b6eaf11e05b09221125b72727e756746c66b192b6c377bbf5367783517b", size = 2031520, upload-time = "2025-08-28T13:00:47.538Z" },
    { url = "https://files.pythonhosted.org/packages/26/14/49abed6b23b285f2f6a4e8d7bd2613f636f54cdd3df3948d5c1d990b62c1/clang_format-21.1.0-py2.py3-none-manylinux_2_26_s390x.manylinux_2_28_s390x.whl", hash = "sha256:484519c41d1907c4830402b5445163eb5ba1bf347e6c1afb4cc2f5bdb5900290", size = 2047836, upload-time = "2025-08-28T13:00:49.461Z" },
    { url = "https://files.pythonhosted.org/packages/0c/10/a59f69789fa3f1b4714384bfaaa311c1dfc061594880c5b0b05bf9f84bf1/clang_format-21.1.0-py2.py3-none-manylinux_2_27_x86_64.manylinux_2_28_x86_64.whl", hash = "sha256:e92b8c2b19dfeba7c63d44ac3b2a87e9702a43daef8c8eaca390ae1c691a9c5f", size = 1805067, upload-time = "2025-08-28T13:00:50.798Z" },
    { url = "https://files.pythonhosted.org/packages/26/df/fe20812714cf26d8bff2528a308352ba993c3954fc0cd1534be861946530/clang_format-21.1.0-py2.py3-none-manylinux_2_31_armv7l.whl", hash = "sha256:c4b5ce86476e1e45171fed46256ad93d0b0769fbc3f6be3db331dbe51e62e1b9", size = 1643122, upload-time = "2025-08-28T13:00:52.427Z" },
    { url = "https://files.pythonhosted.org/packages/18/bc/8a655088dccc0670d72ebb89b1c8da8f43c08106aeadeb1c5a3103e62e39/clang_format-21.1.0-py2.py3-none-musllinux_1_2_aarch64.whl", hash = "sha256:454681bb79c5abca98b611865bcfc1ac5e71a561d97ccc2ca7f9c18b04376280", size = 2701115, upload-time = "2025-08-28T13:00:53.627Z" },
    { url = "https://files.pythonhosted.org/packages/71/57/1e2041a0697b6f1da879ae4d57acbe86cf1c6af162a25ece543713f25eed/clang_format-21.1.0-py2.py3-none-musllinux_1_2_armv7l.whl", hash = "sha256:51315e8bc85265d18ee8bff67a832a9e0f07c082b55f7481b614f00f8a0d336d", size = 2480511, upload-time = "2025-08-28T13:00:55.088Z" },
    { url = "https://files.pythonhosted.org/packages/32/06/c8461be6f92a1b1f023fc5c3cbb5b06fc497989835d5d82fdb3a81e4c03e/clang_format-21.1.0-py2.py3-none-musllinux_1_2_i686.whl", hash = "sha256:1c22fd3a8d74cc327d1c4fea81c2dfe23c117a0ae519e8b146b9ae9536ab3932", size = 2953793, upload-time = "2025-08-28T13:00:56.5Z" },
    { url = "https://files.pythonhosted.org/packages/68/15/96fae51d1b7453cc7ffc551a8c8bda33fa0a8a281caf7f19a61fe682b3c2/clang_format-21.1.0-py2.py3-none-musllinux_1_2_ppc64le.whl", hash = "sha256:89a27520f6a15184e66f92f3636c2596d4646c1211f57dda0122ab53531455dd", size = 3075710, upload-time = "2025-08-28T13:00:58.309Z" },
    { url = "https://files.pythonhosted.org/packages/52/13/0ea5cf75c6ca46ba004e6fa4e0f5d3a5371684605fe7efa5715769a1819b/clang_format-21.1.0-py2.py3-none-musllinux_1_2_s390x.whl", hash = "sha256:37459d13972baa75f5ae89a1a5c964dc3dbd4cf817405331ee4e43f4c93726e4", size = 3159782, upload-time = "2025-08-28T13:00:59.964Z" },
    { url = "https://files.pythonhosted.org/packages/06/af/24a6690a71223514df7425572fff53136ce0e10c717a50809f507e4d059b/clang_format-21.1.0-py2.py3-none-musllinux_1_2_x86_64.whl", hash = "sha256:adbb8f3c1a762760e1bfc262c0503e8f5644237245a5a391fa3f5e9c07a67a17", size = 2811821, upload-time = "2025-08-28T13:01:01.595Z" },
    { url = "https://files.pythonhosted.org/packages/fa/5b/87793d3e483d5581fe80ae10b8ee0eb08e3bb30635a094f312c689b5fc2a/clang_format-21.1.0-py2.py3-none-win32.whl", hash = "sha256:9b6c9829ce8f7147f46c02258034e5c61d2a2422d318d7106f3be610b3af5d0f", size = 1271179, upload-time = "2025-08-28T13:01:03.018Z" },
    { url = "https://files.pythonhosted.org/packages/96/8e/a8f1c3402fd1b4d82f070b54c0a14b6f013b56afb89e94c87de22e1dc460/clang_format-21.1.0-py2.py3-none-win_amd64.whl", hash = "sha256:66ce3758896d0fe1e4161425aae40d62d4154cfaf99516b5956a60ad29983671", size = 1426251, upload-time = "2025-08-28T13:01:04.317Z" },
    { url = "https://files.pythonhosted.org/packages/1b/13/cd1ee25536e8521052a97905bccab2f752b118b5d9e64c74738938af8ad6/clang_format-21.1.0-py2.py3-none-win_arm64.whl", hash = "sha256:827b2edd312242d80f468de07e7828596b8ec552f64d8a335c89464990b4cf45", size = 1327118, upload-time = "2025-08-28T13:01:05.663Z" },
]

[[package]]
name = "click"
version = "8.2.1"
source = { registry = "https://pypi.org/simple" }
dependencies = [
    { name = "colorama", marker = "sys_platform == 'win32'" },
]
sdist = { url = "https://files.pythonhosted.org/packages/60/6c/8ca2efa64cf75a977a0d7fac081354553ebe483345c734fb6b6515d96bbc/click-8.2.1.tar.gz", hash = "sha256:27c491cc05d968d271d5a1db13e3b5a184636d9d930f148c50b038f0d0646202", size = 286342, upload-time = "2025-05-20T23:19:49.832Z" }
wheels = [
    { url = "https://files.pythonhosted.org/packages/85/32/10bb5764d90a8eee674e9dc6f4db6a0ab47c8c4d0d83c27f7c39ac415a4d/click-8.2.1-py3-none-any.whl", hash = "sha256:61a3265b914e850b85317d0b3109c7f8cd35a670f963866005d6ef1d5175a12b", size = 102215, upload-time = "2025-05-20T23:19:47.796Z" },
]

[[package]]
name = "colorama"
version = "0.4.6"
source = { registry = "https://pypi.org/simple" }
sdist = { url = "https://files.pythonhosted.org/packages/d8/53/6f443c9a4a8358a93a6792e2acffb9d9d5cb0a5cfd8802644b7b1c9a02e4/colorama-0.4.6.tar.gz", hash = "sha256:08695f5cb7ed6e0531a20572697297273c47b8cae5a63ffc6d6ed5c201be6e44", size = 27697, upload-time = "2022-10-25T02:36:22.414Z" }
wheels = [
    { url = "https://files.pythonhosted.org/packages/d1/d6/3965ed04c63042e047cb6a3e6ed1a63a35087b6a609aa3a15ed8ac56c221/colorama-0.4.6-py2.py3-none-any.whl", hash = "sha256:4f1d9991f5acc0ca119f9d443620b77f9d6b33703e51011c16baf57afb285fc6", size = 25335, upload-time = "2022-10-25T02:36:20.889Z" },
]

[[package]]
name = "isort"
version = "6.0.1"
source = { registry = "https://pypi.org/simple" }
sdist = { url = "https://files.pythonhosted.org/packages/b8/21/1e2a441f74a653a144224d7d21afe8f4169e6c7c20bb13aec3a2dc3815e0/isort-6.0.1.tar.gz", hash = "sha256:1cb5df28dfbc742e490c5e41bad6da41b805b0a8be7bc93cd0fb2a8a890ac450", size = 821955, upload-time = "2025-02-26T21:13:16.955Z" }
wheels = [
    { url = "https://files.pythonhosted.org/packages/c1/11/114d0a5f4dabbdcedc1125dee0888514c3c3b16d3e9facad87ed96fad97c/isort-6.0.1-py3-none-any.whl", hash = "sha256:2dc5d7f65c9678d94c88dfc29161a320eec67328bc97aad576874cb4be1e9615", size = 94186, upload-time = "2025-02-26T21:13:14.911Z" },
]

[[package]]
name = "markdown-it-py"
version = "4.0.0"
source = { registry = "https://pypi.org/simple" }
dependencies = [
    { name = "mdurl" },
]
sdist = { url = "https://files.pythonhosted.org/packages/5b/f5/4ec618ed16cc4f8fb3b701563655a69816155e79e24a17b651541804721d/markdown_it_py-4.0.0.tar.gz", hash = "sha256:cb0a2b4aa34f932c007117b194e945bd74e0ec24133ceb5bac59009cda1cb9f3", size = 73070, upload-time = "2025-08-11T12:57:52.854Z" }
wheels = [
    { url = "https://files.pythonhosted.org/packages/94/54/e7d793b573f298e1c9013b8c4dade17d481164aa517d1d7148619c2cedbf/markdown_it_py-4.0.0-py3-none-any.whl", hash = "sha256:87327c59b172c5011896038353a81343b6754500a08cd7a4973bb48c6d578147", size = 87321, upload-time = "2025-08-11T12:57:51.923Z" },
]

[[package]]
name = "mdurl"
version = "0.1.2"
source = { registry = "https://pypi.org/simple" }
sdist = { url = "https://files.pythonhosted.org/packages/d6/54/cfe61301667036ec958cb99bd3efefba235e65cdeb9c84d24a8293ba1d90/mdurl-0.1.2.tar.gz", hash = "sha256:bb413d29f5eea38f31dd4754dd7377d4465116fb207585f97bf925588687c1ba", size = 8729, upload-time = "2022-08-14T12:40:10.846Z" }
wheels = [
    { url = "https://files.pythonhosted.org/packages/b3/38/89ba8ad64ae25be8de66a6d463314cf1eb366222074cfda9ee839c56a4b4/mdurl-0.1.2-py3-none-any.whl", hash = "sha256:84008a41e51615a49fc9966191ff91509e3c40b939176e643fd50a5c2196b8f8", size = 9979, upload-time = "2022-08-14T12:40:09.779Z" },
]

[[package]]
name = "mypy-extensions"
version = "1.1.0"
source = { registry = "https://pypi.org/simple" }
sdist = { url = "https://files.pythonhosted.org/packages/a2/6e/371856a3fb9d31ca8dac321cda606860fa4548858c0cc45d9d1d4ca2628b/mypy_extensions-1.1.0.tar.gz", hash = "sha256:52e68efc3284861e772bbcd66823fde5ae21fd2fdb51c62a211403730b916558", size = 6343, upload-time = "2025-04-22T14:54:24.164Z" }
wheels = [
    { url = "https://files.pythonhosted.org/packages/79/7b/2c79738432f5c924bef5071f933bcc9efd0473bac3b4aa584a6f7c1c8df8/mypy_extensions-1.1.0-py3-none-any.whl", hash = "sha256:1be4cccdb0f2482337c4743e60421de3a356cd97508abadd57d47403e94f5505", size = 4963, upload-time = "2025-04-22T14:54:22.983Z" },
]

[[package]]
name = "nodeenv"
version = "1.9.1"
source = { registry = "https://pypi.org/simple" }
sdist = { url = "https://files.pythonhosted.org/packages/43/16/fc88b08840de0e0a72a2f9d8c6bae36be573e475a6326ae854bcc549fc45/nodeenv-1.9.1.tar.gz", hash = "sha256:6ec12890a2dab7946721edbfbcd91f3319c6ccc9aec47be7c7e6b7011ee6645f", size = 47437, upload-time = "2024-06-04T18:44:11.171Z" }
wheels = [
    { url = "https://files.pythonhosted.org/packages/d2/1d/1b658dbd2b9fa9c4c9f32accbfc0205d532c8c6194dc0f2a4c0428e7128a/nodeenv-1.9.1-py2.py3-none-any.whl", hash = "sha256:ba11c9782d29c27c70ffbdda2d7415098754709be8a7056d79a737cd901155c9", size = 22314, upload-time = "2024-06-04T18:44:08.352Z" },
]

[[package]]
name = "nodejs-wheel-binaries"
version = "22.18.0"
source = { registry = "https://pypi.org/simple" }
wheels = [
    { url = "https://files.pythonhosted.org/packages/7e/6d/773e09de4a052cc75c129c3766a3cf77c36bff8504a38693b735f4a1eb55/nodejs_wheel_binaries-22.18.0-py2.py3-none-macosx_11_0_arm64.whl", hash = "sha256:53b04495857755c5d5658f7ac969d84f25898fe0b0c1bdc41172e5e0ac6105ca", size = 50873051, upload-time = "2025-08-01T11:10:29.475Z" },
    { url = "https://files.pythonhosted.org/packages/ae/fc/3d6fd4ad5d26c9acd46052190d6a8895dc5050297b03d9cce03def53df0d/nodejs_wheel_binaries-22.18.0-py2.py3-none-macosx_11_0_x86_64.whl", hash = "sha256:bd4d016257d4dfe604ed526c19bd4695fdc4f4cc32e8afc4738111447aa96d03", size = 51814481, upload-time = "2025-08-01T11:10:33.086Z" },
    { url = "https://files.pythonhosted.org/packages/10/f9/7be44809a861605f844077f9e731a117b669d5ca6846a7820e7dd82c9fad/nodejs_wheel_binaries-22.18.0-py2.py3-none-manylinux_2_17_aarch64.manylinux2014_aarch64.whl", hash = "sha256:f3b125f94f3f5e8ab9560d3bd637497f02e45470aeea74cf6fe60afe751cfa5f", size = 57804907, upload-time = "2025-08-01T11:10:36.83Z" },
    { url = "https://files.pythonhosted.org/packages/e9/67/563e74a0dff653ec7ddee63dc49b3f37a20df39f23675cfc801d7e8e4bb7/nodejs_wheel_binaries-22.18.0-py2.py3-none-manylinux_2_17_x86_64.manylinux2014_x86_64.whl", hash = "sha256:78bbb81b6e67c15f04e2a9c6c220d7615fb46ae8f1ad388df0d66abac6bed5f8", size = 58335587, upload-time = "2025-08-01T11:10:40.716Z" },
    { url = "https://files.pythonhosted.org/packages/b6/b1/ec45fefef60223dd40e7953e2ff087964e200d6ec2d04eae0171d6428679/nodejs_wheel_binaries-22.18.0-py2.py3-none-musllinux_1_2_aarch64.whl", hash = "sha256:f5d3ea8b7f957ae16b73241451f6ce831d6478156f363cce75c7ea71cbe6c6f7", size = 59662356, upload-time = "2025-08-01T11:10:44.795Z" },
    { url = "https://files.pythonhosted.org/packages/a2/ed/6de2c73499eebf49d0d20e0704f64566029a3441c48cd4f655d49befd28b/nodejs_wheel_binaries-22.18.0-py2.py3-none-musllinux_1_2_x86_64.whl", hash = "sha256:bcda35b07677039670102a6f9b78c2313fd526111d407cb7ffc2a4c243a48ef9", size = 60706806, upload-time = "2025-08-01T11:10:48.985Z" },
    { url = "https://files.pythonhosted.org/packages/2b/f5/487434b1792c4f28c63876e4a896f2b6e953e2dc1f0b3940e912bd087755/nodejs_wheel_binaries-22.18.0-py2.py3-none-win_amd64.whl", hash = "sha256:0f55e72733f1df2f542dce07f35145ac2e125408b5e2051cac08e5320e41b4d1", size = 39998139, upload-time = "2025-08-01T11:10:52.676Z" },
]

[[package]]
name = "packaging"
version = "25.0"
source = { registry = "https://pypi.org/simple" }
sdist = { url = "https://files.pythonhosted.org/packages/a1/d4/1fc4078c65507b51b96ca8f8c3ba19e6a61c8253c72794544580a7b6c24d/packaging-25.0.tar.gz", hash = "sha256:d443872c98d677bf60f6a1f2f8c1cb748e8fe762d2bf9d3148b5599295b0fc4f", size = 165727, upload-time = "2025-04-19T11:48:59.673Z" }
wheels = [
    { url = "https://files.pythonhosted.org/packages/20/12/38679034af332785aac8774540895e234f4d07f7545804097de4b666afd8/packaging-25.0-py3-none-any.whl", hash = "sha256:29572ef2b1f17581046b3a2227d5c611fb25ec70ca1ba8554b24b0e69331a484", size = 66469, upload-time = "2025-04-19T11:48:57.875Z" },
]

[[package]]
name = "pathspec"
version = "0.12.1"
source = { registry = "https://pypi.org/simple" }
sdist = { url = "https://files.pythonhosted.org/packages/ca/bc/f35b8446f4531a7cb215605d100cd88b7ac6f44ab3fc94870c120ab3adbf/pathspec-0.12.1.tar.gz", hash = "sha256:a482d51503a1ab33b1c67a6c3813a26953dbdc71c31dacaef9a838c4e29f5712", size = 51043, upload-time = "2023-12-10T22:30:45Z" }
wheels = [
    { url = "https://files.pythonhosted.org/packages/cc/20/ff623b09d963f88bfde16306a54e12ee5ea43e9b597108672ff3a408aad6/pathspec-0.12.1-py3-none-any.whl", hash = "sha256:a0d503e138a4c123b27490a4f7beda6a01c6f288df0e4a8b79c7eb0dc7b4cc08", size = 31191, upload-time = "2023-12-10T22:30:43.14Z" },
]

[[package]]
name = "platformdirs"
version = "4.4.0"
source = { registry = "https://pypi.org/simple" }
sdist = { url = "https://files.pythonhosted.org/packages/23/e8/21db9c9987b0e728855bd57bff6984f67952bea55d6f75e055c46b5383e8/platformdirs-4.4.0.tar.gz", hash = "sha256:ca753cf4d81dc309bc67b0ea38fd15dc97bc30ce419a7f58d13eb3bf14c4febf", size = 21634, upload-time = "2025-08-26T14:32:04.268Z" }
wheels = [
    { url = "https://files.pythonhosted.org/packages/40/4b/2028861e724d3bd36227adfa20d3fd24c3fc6d52032f4a93c133be5d17ce/platformdirs-4.4.0-py3-none-any.whl", hash = "sha256:abd01743f24e5287cd7a5db3752faf1a2d65353f38ec26d98e25a6db65958c85", size = 18654, upload-time = "2025-08-26T14:32:02.735Z" },
]

[[package]]
name = "pycparser"
version = "2.23"
source = { registry = "https://pypi.org/simple" }
sdist = { url = "https://files.pythonhosted.org/packages/fe/cf/d2d3b9f5699fb1e4615c8e32ff220203e43b248e1dfcc6736ad9057731ca/pycparser-2.23.tar.gz", hash = "sha256:78816d4f24add8f10a06d6f05b4d424ad9e96cfebf68a4ddc99c65c0720d00c2", size = 173734, upload-time = "2025-09-09T13:23:47.91Z" }
wheels = [
    { url = "https://files.pythonhosted.org/packages/a0/e3/59cd50310fc9b59512193629e1984c1f95e5c8ae6e5d8c69532ccc65a7fe/pycparser-2.23-py3-none-any.whl", hash = "sha256:e5c6e8d3fbad53479cab09ac03729e0a9faf2bee3db8208a550daf5af81a5934", size = 118140, upload-time = "2025-09-09T13:23:46.651Z" },
]

[[package]]
name = "pyflakes"
version = "3.4.0"
source = { registry = "https://pypi.org/simple" }
sdist = { url = "https://files.pythonhosted.org/packages/45/dc/fd034dc20b4b264b3d015808458391acbf9df40b1e54750ef175d39180b1/pyflakes-3.4.0.tar.gz", hash = "sha256:b24f96fafb7d2ab0ec5075b7350b3d2d2218eab42003821c06344973d3ea2f58", size = 64669, upload-time = "2025-06-20T18:45:27.834Z" }
wheels = [
    { url = "https://files.pythonhosted.org/packages/c2/2f/81d580a0fb83baeb066698975cb14a618bdbed7720678566f1b046a95fe8/pyflakes-3.4.0-py2.py3-none-any.whl", hash = "sha256:f742a7dbd0d9cb9ea41e9a24a918996e8170c799fa528688d40dd582c8265f4f", size = 63551, upload-time = "2025-06-20T18:45:26.937Z" },
]

[[package]]
name = "pygit2"
version = "1.18.2"
source = { registry = "https://pypi.org/simple" }
dependencies = [
    { name = "cffi" },
]
sdist = { url = "https://files.pythonhosted.org/packages/2e/ea/762d00f6f518423cd889e39b12028844cc95f91a6413cf7136e184864821/pygit2-1.18.2.tar.gz", hash = "sha256:eca87e0662c965715b7f13491d5e858df2c0908341dee9bde2bc03268e460f55", size = 797200, upload-time = "2025-08-16T13:52:36.853Z" }
wheels = [
    { url = "https://files.pythonhosted.org/packages/0e/ff/34dc8ce51f2f9ba39a5f2b34b9a5d70563cc93a387accf562c5c36e40d2b/pygit2-1.18.2-cp313-cp313-macosx_10_13_universal2.whl", hash = "sha256:f65d6114d96cb7a21cc09e8cb0622d0388619adf9cdb5d77d94589a41996b0a8", size = 5504646, upload-time = "2025-08-16T13:39:24.164Z" },
    { url = "https://files.pythonhosted.org/packages/fd/b6/7990c465a5a6967df87323a8a90e19e9b393d238497c62d0aabcb98b9d62/pygit2-1.18.2-cp313-cp313-manylinux_2_26_aarch64.manylinux_2_28_aarch64.whl", hash = "sha256:9367df01958f7e538bc3fc665ace55de0d5b72da5b6b5f95c44ae916c39a6f51", size = 5771485, upload-time = "2025-08-16T13:39:25.386Z" },
    { url = "https://files.pythonhosted.org/packages/6d/ad/c31064927a11cb39d4860bbf3a1a1bd944d9768e9c8faaa48b670e9359ed/pygit2-1.18.2-cp313-cp313-manylinux_2_26_ppc64le.manylinux_2_28_ppc64le.whl", hash = "sha256:eb2993e44aaafac5bcd801c2926dcf87c3f8939ff1c5fb9fe0549a81acd27a03", size = 4607179, upload-time = "2025-08-16T13:39:27.264Z" },
    { url = "https://files.pythonhosted.org/packages/5d/da/29a3c808bfb42ba86e5aca226fad7871b65fc216e18e14190553a879157b/pygit2-1.18.2-cp313-cp313-manylinux_2_26_x86_64.manylinux_2_28_x86_64.whl", hash = "sha256:63d5dc116d6054cb4e970160c09440da7ded36acfbc4f06ef8e0d38ac275ee12", size = 5505911, upload-time = "2025-08-16T13:39:28.623Z" },
    { url = "https://files.pythonhosted.org/packages/14/ac/c5afc7dd8ec0deb022ec8bbb5c938725438c40531ab9b6ad2b2d37730c59/pygit2-1.18.2-cp313-cp313-musllinux_1_2_aarch64.whl", hash = "sha256:3b87e7ab87da09145cb45434e6ad0402695ca72ffb764487ecc09d28abef5507", size = 5770236, upload-time = "2025-08-21T13:37:22.808Z" },
    { url = "https://files.pythonhosted.org/packages/ac/d1/1c6882900bf6e0d3d5764937acab7c79ffadb452e33230ba8e5e9dc35695/pygit2-1.18.2-cp313-cp313-musllinux_1_2_x86_64.whl", hash = "sha256:a0aa809fd5572c8b1123270263720e458afc9e2069e8d0c1079feebc930e6813", size = 5474235, upload-time = "2025-08-16T13:39:30.274Z" },
    { url = "https://files.pythonhosted.org/packages/b3/be/7d8233ff8c5b39ca3d4309fa35a097999baa755e92303102599680c05604/pygit2-1.18.2-cp313-cp313-win32.whl", hash = "sha256:8c4423b08786d0fcea0c523b82bc5ec52039b01500a3391472786e89cadf1069", size = 1239177, upload-time = "2025-08-16T13:38:39.619Z" },
    { url = "https://files.pythonhosted.org/packages/ba/f8/d61973ec64a6a7afabec5d1308794399797b44daaacf7ae1969b0f83ddab/pygit2-1.18.2-cp313-cp313-win_amd64.whl", hash = "sha256:aeba6398d5c689c90c133e07f698aeb9f9693cfbb5707fccffd18f2d67d37c6d", size = 1324597, upload-time = "2025-08-16T13:43:31.309Z" },
]

[[package]]
name = "pygments"
version = "2.19.2"
source = { registry = "https://pypi.org/simple" }
sdist = { url = "https://files.pythonhosted.org/packages/b0/77/a5b8c569bf593b0140bde72ea885a803b82086995367bf2037de0159d924/pygments-2.19.2.tar.gz", hash = "sha256:636cb2477cec7f8952536970bc533bc43743542f70392ae026374600add5b887", size = 4968631, upload-time = "2025-06-21T13:39:12.283Z" }
wheels = [
    { url = "https://files.pythonhosted.org/packages/c7/21/705964c7812476f378728bdf590ca4b771ec72385c533964653c68e86bdc/pygments-2.19.2-py3-none-any.whl", hash = "sha256:86540386c03d588bb81d44bc3928634ff26449851e99741617ecb9037ee5ec0b", size = 1225217, upload-time = "2025-06-21T13:39:07.939Z" },
]

[[package]]
name = "pyright"
version = "1.1.405"
source = { registry = "https://pypi.org/simple" }
dependencies = [
    { name = "nodeenv" },
    { name = "typing-extensions" },
]
sdist = { url = "https://files.pythonhosted.org/packages/fb/6c/ba4bbee22e76af700ea593a1d8701e3225080956753bee9750dcc25e2649/pyright-1.1.405.tar.gz", hash = "sha256:5c2a30e1037af27eb463a1cc0b9f6d65fec48478ccf092c1ac28385a15c55763", size = 4068319, upload-time = "2025-09-04T03:37:06.776Z" }
wheels = [
    { url = "https://files.pythonhosted.org/packages/d5/1a/524f832e1ff1962a22a1accc775ca7b143ba2e9f5924bb6749dce566784a/pyright-1.1.405-py3-none-any.whl", hash = "sha256:a2cb13700b5508ce8e5d4546034cb7ea4aedb60215c6c33f56cec7f53996035a", size = 5905038, upload-time = "2025-09-04T03:37:04.913Z" },
]

[[package]]
name = "rich"
version = "14.1.0"
source = { registry = "https://pypi.org/simple" }
dependencies = [
    { name = "markdown-it-py" },
    { name = "pygments" },
]
sdist = { url = "https://files.pythonhosted.org/packages/fe/75/af448d8e52bf1d8fa6a9d089ca6c07ff4453d86c65c145d0a300bb073b9b/rich-14.1.0.tar.gz", hash = "sha256:e497a48b844b0320d45007cdebfeaeed8db2a4f4bcf49f15e455cfc4af11eaa8", size = 224441, upload-time = "2025-07-25T07:32:58.125Z" }
wheels = [
    { url = "https://files.pythonhosted.org/packages/e3/30/3c4d035596d3cf444529e0b2953ad0466f6049528a879d27534700580395/rich-14.1.0-py3-none-any.whl", hash = "sha256:536f5f1785986d6dbdea3c75205c473f970777b4a0d6c6dd1b696aa05a3fa04f", size = 243368, upload-time = "2025-07-25T07:32:56.73Z" },
]

[[package]]
name = "taplo"
version = "0.9.3"
source = { registry = "https://pypi.org/simple" }
sdist = { url = "https://files.pythonhosted.org/packages/71/79/513513960377e1212a28446acb323cf77dfce162e825a822f035b02a422d/taplo-0.9.3.tar.gz", hash = "sha256:6b73b45b9adbd20189d8981ac9055d5465227c58bbe1b0646a7588a1a5c07a1a", size = 102556, upload-time = "2024-08-19T10:22:15.005Z" }
wheels = [
    { url = "https://files.pythonhosted.org/packages/61/42/a93c18ebb7cf3ee2a7a30dd2fda654aca458956c3b64bdfb9d82b2c42679/taplo-0.9.3-py3-none-macosx_10_12_x86_64.whl", hash = "sha256:1c3db689406d538420c64aa779ac8694cf44c13a46e158d6df406de65980b9c7", size = 4248497, upload-time = "2024-08-19T10:21:59.954Z" },
    { url = "https://files.pythonhosted.org/packages/82/d2/f5b6e4a4f474f9fe613b5b91012520c3f62e46748a6ce9fd61fc2fb52fa2/taplo-0.9.3-py3-none-macosx_11_0_arm64.whl", hash = "sha256:1e7782f33f97e7aa658d18788748bce5cf3ce440eeb419cf5861cf542740e610", size = 4044421, upload-time = "2024-08-19T10:22:03.06Z" },
    { url = "https://files.pythonhosted.org/packages/7d/32/4ac46ff15bb9d060f50ad31fb3a80aa8ee1e6ca500104ca8569f6fbdee3d/taplo-0.9.3-py3-none-manylinux_2_17_i686.manylinux2014_i686.whl", hash = "sha256:29d4d7abfcc10bd536e5a43fe6ec2c1931507c1433e79df03ea22e1030611cb6", size = 4334420, upload-time = "2024-08-19T10:22:05.68Z" },
    { url = "https://files.pythonhosted.org/packages/ef/cc/656aed22a59cf4c50dcaaa66aaa570d4a1412acdd8ea429120a6bb00f336/taplo-0.9.3-py3-none-manylinux_2_17_x86_64.manylinux2014_x86_64.whl", hash = "sha256:33f12648f273478d7330cb3529c82f48f388501e1122e0bea78bce5ff5972b8b", size = 4468935, upload-time = "2024-08-19T10:22:08.106Z" },
    { url = "https://files.pythonhosted.org/packages/21/15/d8db1db6382b444122fa1a66fe5fe0dd5b04bfbe68c74bdb5345aec11eb2/taplo-0.9.3-py3-none-win32.whl", hash = "sha256:9ab7df76a3facc6d0dd2fe2dae3e8eb52fa458d31d27878d5eac14f5cbc0abac", size = 3482612, upload-time = "2024-08-19T10:22:10.904Z" },
    { url = "https://files.pythonhosted.org/packages/42/3c/df6641d7e2e84a6dd4de3b3a4426db7f6a7270c05bbdeadd523645c9c45f/taplo-0.9.3-py3-none-win_amd64.whl", hash = "sha256:7d80b630b93fb43cee99d1e1ee07b616236dc5615efaf7cd51074b4cffc33bab", size = 3985843, upload-time = "2024-08-19T10:22:13.446Z" },
]

[[package]]
name = "type-lens"
version = "0.2.5"
source = { registry = "https://pypi.org/simple" }
dependencies = [
    { name = "typing-extensions" },
]
sdist = { url = "https://files.pythonhosted.org/packages/1b/49/cea2eeab4f0aa24379fb08aa99b099162ccb46df7b0ffca2b93f29404c3b/type_lens-0.2.5.tar.gz", hash = "sha256:6cd32d38845c574d244c979c89c955da6e13c4aad0dc5cd08d318ba31b9cabf1", size = 362158, upload-time = "2025-08-06T15:12:47.555Z" }
wheels = [
    { url = "https://files.pythonhosted.org/packages/cc/93/7dfe3eab016fef8628b9a9970316ab1394979cbb50b3ebc08176e017d88d/type_lens-0.2.5-py3-none-any.whl", hash = "sha256:b0c307428c0f899d1b9bad381ff1c377e543d6227d8c16f48d1a8c47ff7e541b", size = 14404, upload-time = "2025-08-06T15:12:46.075Z" },
]

[[package]]
name = "typing-extensions"
version = "4.15.0"
source = { registry = "https://pypi.org/simple" }
sdist = { url = "https://files.pythonhosted.org/packages/72/94/1a15dd82efb362ac84269196e94cf00f187f7ed21c242792a923cdb1c61f/typing_extensions-4.15.0.tar.gz", hash = "sha256:0cea48d173cc12fa28ecabc3b837ea3cf6f38c6d1136f85cbaaf598984861466", size = 109391, upload-time = "2025-08-25T13:49:26.313Z" }
wheels = [
    { url = "https://files.pythonhosted.org/packages/18/67/36e9267722cc04a6b9f15c7f3441c2363321a3ea07da7ae0c0707beb2a9c/typing_extensions-4.15.0-py3-none-any.whl", hash = "sha256:f0fa19c6845758ab08074a0cfa8b7aecb71c999ca73d62883bc25cc018c4e548", size = 44614, upload-time = "2025-08-25T13:49:24.86Z" },
]

[[package]]
name = "xv6-labs-2025"
version = "0.1.0"
source = { virtual = "." }
dependencies = [
    { name = "black" },
    { name = "cappa" },
    { name = "clang-format" },
    { name = "isort" },
    { name = "pygit2" },
    { name = "taplo" },
]

[package.dev-dependencies]
dev = [
    { name = "autoflake" },
    { name = "basedpyright" },
    { name = "pyright" },
]

[package.metadata]
requires-dist = [
    { name = "black", specifier = ">=25.1.0" },
    { name = "cappa", specifier = ">=0.30.2" },
    { name = "clang-format", specifier = ">=21.1.0" },
    { name = "isort", specifier = ">=6.0.1" },
    { name = "pygit2", specifier = ">=1.18.2" },
    { name = "taplo", specifier = ">=0.9.3" },
]

[package.metadata.requires-dev]
dev = [
    { name = "autoflake", specifier = ">=2.3.1" },
    { name = "basedpyright", specifier = ">=1.31.0" },
    { name = "pyright", specifier = ">=1.1.403" },
]
